{
  "requires": true,
  "lockfileVersion": 1,
  "dependencies": {
    "mdbootstrap": {
      "version": "4.6.1",
      "resolved": "https://registry.npmjs.org/mdbootstrap/-/mdbootstrap-4.6.1.tgz",
      "integrity": "sha512-4fTO4ZbiUdHzNRlnMsDqVjyBNb/LgaKdLjIiDy/L+7T8OeShPRkIxF2D4NZKUMQMBYLoTAxdi6EXsIhswjsxBw=="
    }
  }
}
